
Microsoft Visual Studio Solution File, Format Version 12.00
# Visual Studio Version 16
VisualStudioVersion = 16.0.29503.13
MinimumVisualStudioVersion = 10.0.40219.1
Project("{FAE04EC0-301F-11D3-BF4B-00C04F79EFBC}") = "055_exercises", "055_exercises\055_exercises.csproj", "{3C9B85E8-C39C-49B0-A0A1-ACF661AEDA34}"
EndProject
Global
	GlobalSection(SolutionConfigurationPlatforms) = preSolution
		Debug|Any CPU = Debug|Any CPU
		Release|Any CPU = Release|Any CPU
	EndGlobalSection
	GlobalSection(ProjectConfigurationPlatforms) = postSolution
		{3C9B85E8-C39C-49B0-A0A1-ACF661AEDA34}.Debug|Any CPU.ActiveCfg = Debug|Any CPU
		{3C9B85E8-C39C-49B0-A0A1-ACF661AEDA34}.Debug|Any CPU.Build.0 = Debug|Any CPU
		{3C9B85E8-C39C-49B0-A0A1-ACF661AEDA34}.Release|Any CPU.ActiveCfg = Release|Any CPU
		{3C9B85E8-C39C-49B0-A0A1-ACF661AEDA34}.Release|Any CPU.Build.0 = Release|Any CPU
	EndGlobalSection
	GlobalSection(SolutionProperties) = preSolution
		HideSolutionNode = FALSE
	EndGlobalSection
	GlobalSection(ExtensibilityGlobals) = postSolution
		SolutionGuid = {89E35304-9BD0-432D-8952-B4C472F977A5}
	EndGlobalSection
EndGlobal
